{
  "name": "comd",
  "version": "1.0.0",
  "lockfileVersion": 1,
  "requires": true,
  "dependencies": {
    "jquery": {
      "version": "3.3.1",
      "resolved": "https://registry.npmjs.org/jquery/-/jquery-3.3.1.tgz",
      "integrity": "sha512-Ubldcmxp5np52/ENotGxlLe6aGMvmF4R8S6tZjsP6Knsaxd/xp3Zrh50cG93lR6nPXyUFwzN3ZSOQI0wRJNdGg=="
    },
    "webpack": {
      "version": "4.28.2",
      "resolved": "http://registry.npm.taobao.org/webpack/download/webpack-4.28.2.tgz",
      "dev": true,
      "requires": {
        "terser-webpack-plugin": "^1.1.0"
      },
      "dependencies": {
        "@webassemblyjs/ast": {
          "version": "http://registry.npm.taobao.org/@webassemblyjs/ast/download/@webassemblyjs/ast-1.7.11.tgz",
          "bundled": true
        },
        "@webassemblyjs/helper-module-context": {
          "version": "http://registry.npm.taobao.org/@webassemblyjs/helper-module-context/download/@webassemblyjs/helper-module-context-1.7.11.tgz",
          "bundled": true
        },
        "@webassemblyjs/wasm-edit": {
          "version": "http://registry.npm.taobao.org/@webassemblyjs/wasm-edit/download/@webassemblyjs/wasm-edit-1.7.11.tgz",
          "bundled": true
        },
        "@webassemblyjs/wasm-parser": {
          "version": "http://registry.npm.taobao.org/@webassemblyjs/wasm-parser/download/@webassemblyjs/wasm-parser-1.7.11.tgz",
          "bundled": true
        },
        "acorn": {
          "version": "http://registry.npm.taobao.org/acorn/download/acorn-5.7.3.tgz",
          "bundled": true
        },
        "acorn-dynamic-import": {
          "version": "http://registry.npm.taobao.org/acorn-dynamic-import/download/acorn-dynamic-import-3.0.0.tgz",
          "bundled": true
        },
        "ajv": {
          "version": "http://registry.npm.taobao.org/ajv/download/ajv-6.6.2.tgz",
          "bundled": true
        },
        "ajv-keywords": {
          "bundled": true
        },
        "cacache": {
          "version": "11.3.2",
          "resolved": "https://registry.npmjs.org/cacache/-/cacache-11.3.2.tgz",
          "integrity": "sha512-E0zP4EPGDOaT2chM08Als91eYnf8Z+eH1awwwVsngUmgppfM5jjJ8l3z5vO5p5w/I3LsiXawb1sW0VY65pQABg==",
          "dev": true
        },
        "chrome-trace-event": {
          "version": "http://registry.npm.taobao.org/chrome-trace-event/download/chrome-trace-event-1.0.0.tgz",
          "bundled": true
        },
        "enhanced-resolve": {
          "version": "http://registry.npm.taobao.org/enhanced-resolve/download/enhanced-resolve-4.1.0.tgz",
          "bundled": true
        },
        "eslint-scope": {
          "bundled": true
        },
        "json-parse-better-errors": {
          "bundled": true
        },
        "loader-runner": {
          "version": "http://registry.npm.taobao.org/loader-runner/download/loader-runner-2.3.1.tgz",
          "bundled": true
        },
        "loader-utils": {
          "version": "http://registry.npm.taobao.org/loader-utils/download/loader-utils-1.2.3.tgz",
          "bundled": true
        },
        "memory-fs": {
          "version": "http://registry.npm.taobao.org/memory-fs/download/memory-fs-0.4.1.tgz",
          "bundled": true
        },
        "micromatch": {
          "version": "http://registry.npm.taobao.org/micromatch/download/micromatch-3.1.10.tgz",
          "bundled": true
        },
        "mkdirp": {
          "bundled": true
        },
        "neo-async": {
          "version": "http://registry.npm.taobao.org/neo-async/download/neo-async-2.6.0.tgz",
          "bundled": true
        },
        "node-libs-browser": {
          "bundled": true,
          "dependencies": {
            "readable-stream": {
              "version": "http://registry.npm.taobao.org/readable-stream/download/readable-stream-2.3.6.tgz"
            }
          }
        },
        "schema-utils": {
          "version": "http://registry.npm.taobao.org/schema-utils/download/schema-utils-0.4.7.tgz",
          "bundled": true
        },
        "tapable": {
          "version": "http://registry.npm.taobao.org/tapable/download/tapable-1.1.1.tgz",
          "bundled": true
        },
        "terser-webpack-plugin": {
          "version": "1.2.1",
          "resolved": "https://registry.npmjs.org/terser-webpack-plugin/-/terser-webpack-plugin-1.2.1.tgz",
          "integrity": "sha512-GGSt+gbT0oKcMDmPx4SRSfJPE1XaN3kQRWG4ghxKQw9cn5G9x6aCKSsgYdvyM0na9NJ4Drv0RG6jbBByZ5CMjw==",
          "dev": true,
          "requires": {
            "cacache": "^11.0.2",
            "schema-utils": "^1.0.0"
          },
          "dependencies": {
            "schema-utils": {
              "version": "1.0.0",
              "resolved": "https://registry.npmjs.org/schema-utils/-/schema-utils-1.0.0.tgz",
              "integrity": "sha512-i27Mic4KovM/lnGsy8whRCHhc7VicJajAjTrYg11K9zfZXnYIt4k5F+kZkwjnrhKzLic/HLU4j11mjsz2G/75g==",
              "dev": true
            }
          }
        },
        "watchpack": {
          "bundled": true
        },
        "webpack-sources": {
          "version": "http://registry.npm.taobao.org/webpack-sources/download/webpack-sources-1.3.0.tgz",
          "bundled": true
        }
      }
    }
  }
}
